
Microsoft Visual Studio Solution File, Format Version 12.00
# Visual Studio Version 17
VisualStudioVersion = 17.2.32630.192
MinimumVisualStudioVersion = 10.0.40219.1
Project("{8BC9CEB8-8B4A-11D0-8D11-00A0C91BC942}") = "kweeEngine", "kweeEngine\kweeEngine.vcxproj", "{590FAC00-4758-4E57-B52F-33E6DC6DB731}"
EndProject
Project("{8BC9CEB8-8B4A-11D0-8D11-00A0C91BC942}") = "TestGame", "TestGame\TestGame.vcxproj", "{F4BC31D1-8F35-4C39-9848-33D0519942B8}"
EndProject
Project("{8BC9CEB8-8B4A-11D0-8D11-00A0C91BC942}") = "Arrows", "Arrows\Arrows.vcxproj", "{A3E003E6-5E23-4312-B113-D5A99CE10CC5}"
EndProject
Global
	GlobalSection(SolutionConfigurationPlatforms) = preSolution
		Debug|x64 = Debug|x64
		Debug|x86 = Debug|x86
		Release|x64 = Release|x64
		Release|x86 = Release|x86
	EndGlobalSection
	GlobalSection(ProjectConfigurationPlatforms) = postSolution
		{590FAC00-4758-4E57-B52F-33E6DC6DB731}.Debug|x64.ActiveCfg = Debug|x64
		{590FAC00-4758-4E57-B52F-33E6DC6DB731}.Debug|x64.Build.0 = Debug|x64
		{590FAC00-4758-4E57-B52F-33E6DC6DB731}.Debug|x86.ActiveCfg = Debug|x64
		{590FAC00-4758-4E57-B52F-33E6DC6DB731}.Debug|x86.Build.0 = Debug|x64
		{590FAC00-4758-4E57-B52F-33E6DC6DB731}.Release|x64.ActiveCfg = Release|x64
		{590FAC00-4758-4E57-B52F-33E6DC6DB731}.Release|x64.Build.0 = Release|x64
		{590FAC00-4758-4E57-B52F-33E6DC6DB731}.Release|x86.ActiveCfg = Release|x64
		{590FAC00-4758-4E57-B52F-33E6DC6DB731}.Release|x86.Build.0 = Release|x64
		{F4BC31D1-8F35-4C39-9848-33D0519942B8}.Debug|x64.ActiveCfg = Debug|x64
		{F4BC31D1-8F35-4C39-9848-33D0519942B8}.Debug|x64.Build.0 = Debug|x64
		{F4BC31D1-8F35-4C39-9848-33D0519942B8}.Debug|x86.ActiveCfg = Debug|x64
		{F4BC31D1-8F35-4C39-9848-33D0519942B8}.Debug|x86.Build.0 = Debug|x64
		{F4BC31D1-8F35-4C39-9848-33D0519942B8}.Release|x64.ActiveCfg = Release|x64
		{F4BC31D1-8F35-4C39-9848-33D0519942B8}.Release|x64.Build.0 = Release|x64
		{F4BC31D1-8F35-4C39-9848-33D0519942B8}.Release|x86.ActiveCfg = Release|x64
		{F4BC31D1-8F35-4C39-9848-33D0519942B8}.Release|x86.Build.0 = Release|x64
		{A3E003E6-5E23-4312-B113-D5A99CE10CC5}.Debug|x64.ActiveCfg = Debug|x64
		{A3E003E6-5E23-4312-B113-D5A99CE10CC5}.Debug|x64.Build.0 = Debug|x64
		{A3E003E6-5E23-4312-B113-D5A99CE10CC5}.Debug|x86.ActiveCfg = Debug|Win32
		{A3E003E6-5E23-4312-B113-D5A99CE10CC5}.Debug|x86.Build.0 = Debug|Win32
		{A3E003E6-5E23-4312-B113-D5A99CE10CC5}.Release|x64.ActiveCfg = Release|x64
		{A3E003E6-5E23-4312-B113-D5A99CE10CC5}.Release|x64.Build.0 = Release|x64
		{A3E003E6-5E23-4312-B113-D5A99CE10CC5}.Release|x86.ActiveCfg = Release|Win32
		{A3E003E6-5E23-4312-B113-D5A99CE10CC5}.Release|x86.Build.0 = Release|Win32
	EndGlobalSection
	GlobalSection(SolutionProperties) = preSolution
		HideSolutionNode = FALSE
	EndGlobalSection
	GlobalSection(ExtensibilityGlobals) = postSolution
		SolutionGuid = {729EA0AC-A3B0-4D2E-9BAB-0174CD5471C5}
	EndGlobalSection
EndGlobal
